
Microsoft Visual Studio Solution File, Format Version 12.00
Project("{FAE04EC0-301F-11D3-BF4B-00C04F79EFBC}") = "Methodology", "Methodology\Methodology.csproj", "{835DF669-B5F0-45DE-8957-4F15408BB635}"
EndProject
Project("{FAE04EC0-301F-11D3-BF4B-00C04F79EFBC}") = "Entities", "Entities\Entities.csproj", "{05B194D6-142C-4F5C-8BFE-2D089D5C7862}"
EndProject
Project("{FAE04EC0-301F-11D3-BF4B-00C04F79EFBC}") = "Services", "Services\Services.csproj", "{DF1E3E49-0A26-4204-8479-55085668E8BA}"
EndProject
Project("{FAE04EC0-301F-11D3-BF4B-00C04F79EFBC}") = "Data", "Data\Data.csproj", "{2DC045B2-9EDA-4F22-9B0C-83E32B336FFC}"
EndProject
Project("{FAE04EC0-301F-11D3-BF4B-00C04F79EFBC}") = "Model", "Model\Model.csproj", "{798FACC8-3C4F-4A77-94F8-5FA31C319841}"
EndProject
Project("{FAE04EC0-301F-11D3-BF4B-00C04F79EFBC}") = "Mappers", "Mappers\Mappers.csproj", "{4C2AC6A4-CBC4-48E0-A567-151F3E184B39}"
EndProject
Project("{FAE04EC0-301F-11D3-BF4B-00C04F79EFBC}") = "API", "API\API.csproj", "{8EB85810-1775-46FF-91D8-7B072096DA99}"
EndProject
Project("{FAE04EC0-301F-11D3-BF4B-00C04F79EFBC}") = "UI", "UI\UI.csproj", "{9CD9EDAA-7458-46CE-8489-410F36EC4F99}"
EndProject
Global
	GlobalSection(SolutionConfigurationPlatforms) = preSolution
		Debug|Any CPU = Debug|Any CPU
		Release|Any CPU = Release|Any CPU
	EndGlobalSection
	GlobalSection(ProjectConfigurationPlatforms) = postSolution
		{835DF669-B5F0-45DE-8957-4F15408BB635}.Debug|Any CPU.ActiveCfg = Debug|Any CPU
		{835DF669-B5F0-45DE-8957-4F15408BB635}.Debug|Any CPU.Build.0 = Debug|Any CPU
		{835DF669-B5F0-45DE-8957-4F15408BB635}.Release|Any CPU.ActiveCfg = Release|Any CPU
		{835DF669-B5F0-45DE-8957-4F15408BB635}.Release|Any CPU.Build.0 = Release|Any CPU
		{05B194D6-142C-4F5C-8BFE-2D089D5C7862}.Debug|Any CPU.ActiveCfg = Debug|Any CPU
		{05B194D6-142C-4F5C-8BFE-2D089D5C7862}.Debug|Any CPU.Build.0 = Debug|Any CPU
		{05B194D6-142C-4F5C-8BFE-2D089D5C7862}.Release|Any CPU.ActiveCfg = Release|Any CPU
		{05B194D6-142C-4F5C-8BFE-2D089D5C7862}.Release|Any CPU.Build.0 = Release|Any CPU
		{DF1E3E49-0A26-4204-8479-55085668E8BA}.Debug|Any CPU.ActiveCfg = Debug|Any CPU
		{DF1E3E49-0A26-4204-8479-55085668E8BA}.Debug|Any CPU.Build.0 = Debug|Any CPU
		{DF1E3E49-0A26-4204-8479-55085668E8BA}.Release|Any CPU.ActiveCfg = Release|Any CPU
		{DF1E3E49-0A26-4204-8479-55085668E8BA}.Release|Any CPU.Build.0 = Release|Any CPU
		{2DC045B2-9EDA-4F22-9B0C-83E32B336FFC}.Debug|Any CPU.ActiveCfg = Debug|Any CPU
		{2DC045B2-9EDA-4F22-9B0C-83E32B336FFC}.Debug|Any CPU.Build.0 = Debug|Any CPU
		{2DC045B2-9EDA-4F22-9B0C-83E32B336FFC}.Release|Any CPU.ActiveCfg = Release|Any CPU
		{2DC045B2-9EDA-4F22-9B0C-83E32B336FFC}.Release|Any CPU.Build.0 = Release|Any CPU
		{798FACC8-3C4F-4A77-94F8-5FA31C319841}.Debug|Any CPU.ActiveCfg = Debug|Any CPU
		{798FACC8-3C4F-4A77-94F8-5FA31C319841}.Debug|Any CPU.Build.0 = Debug|Any CPU
		{798FACC8-3C4F-4A77-94F8-5FA31C319841}.Release|Any CPU.ActiveCfg = Release|Any CPU
		{798FACC8-3C4F-4A77-94F8-5FA31C319841}.Release|Any CPU.Build.0 = Release|Any CPU
		{4C2AC6A4-CBC4-48E0-A567-151F3E184B39}.Debug|Any CPU.ActiveCfg = Debug|Any CPU
		{4C2AC6A4-CBC4-48E0-A567-151F3E184B39}.Debug|Any CPU.Build.0 = Debug|Any CPU
		{4C2AC6A4-CBC4-48E0-A567-151F3E184B39}.Release|Any CPU.ActiveCfg = Release|Any CPU
		{4C2AC6A4-CBC4-48E0-A567-151F3E184B39}.Release|Any CPU.Build.0 = Release|Any CPU
		{8EB85810-1775-46FF-91D8-7B072096DA99}.Debug|Any CPU.ActiveCfg = Debug|Any CPU
		{8EB85810-1775-46FF-91D8-7B072096DA99}.Debug|Any CPU.Build.0 = Debug|Any CPU
		{8EB85810-1775-46FF-91D8-7B072096DA99}.Release|Any CPU.ActiveCfg = Release|Any CPU
		{8EB85810-1775-46FF-91D8-7B072096DA99}.Release|Any CPU.Build.0 = Release|Any CPU
		{9CD9EDAA-7458-46CE-8489-410F36EC4F99}.Debug|Any CPU.ActiveCfg = Debug|Any CPU
		{9CD9EDAA-7458-46CE-8489-410F36EC4F99}.Debug|Any CPU.Build.0 = Debug|Any CPU
		{9CD9EDAA-7458-46CE-8489-410F36EC4F99}.Release|Any CPU.ActiveCfg = Release|Any CPU
		{9CD9EDAA-7458-46CE-8489-410F36EC4F99}.Release|Any CPU.Build.0 = Release|Any CPU
	EndGlobalSection
EndGlobal
